
Microsoft Visual Studio Solution File, Format Version 12.00
# Visual Studio Version 17
VisualStudioVersion = 17.7.34202.233
MinimumVisualStudioVersion = 10.0.40219.1
Project("{9A19103F-16F7-4668-BE54-9A1E7A4F7556}") = "FileStorageApp.Server", "FileStorageApp\Server\FileStorageApp.Server.csproj", "{EBA009A3-27AB-41EA-BDFB-660035292EBC}"
EndProject
Project("{9A19103F-16F7-4668-BE54-9A1E7A4F7556}") = "FileStorageApp.Client", "FileStorageApp\Client\FileStorageApp.Client.csproj", "{D296BD27-5828-43EF-A767-8B46E958393D}"
EndProject
Project("{9A19103F-16F7-4668-BE54-9A1E7A4F7556}") = "FileStorageApp.Shared", "FileStorageApp\Shared\FileStorageApp.Shared.csproj", "{2060AAFC-F8BA-41D3-9E5C-5874B8017E7C}"
EndProject
Project("{FAE04EC0-301F-11D3-BF4B-00C04F79EFBC}") = "CryptoLib", "CryptoLib\CryptoLib.csproj", "{FD5E3C29-C420-4D81-A220-9757B647F031}"
EndProject
Project("{FAE04EC0-301F-11D3-BF4B-00C04F79EFBC}") = "TestingConsole", "TestingConsole\TestingConsole.csproj", "{BD1318E8-17A2-4E9F-9544-C41D560B60E2}"
EndProject
Global
	GlobalSection(SolutionConfigurationPlatforms) = preSolution
		Debug|Any CPU = Debug|Any CPU
		Release|Any CPU = Release|Any CPU
	EndGlobalSection
	GlobalSection(ProjectConfigurationPlatforms) = postSolution
		{EBA009A3-27AB-41EA-BDFB-660035292EBC}.Debug|Any CPU.ActiveCfg = Debug|Any CPU
		{EBA009A3-27AB-41EA-BDFB-660035292EBC}.Debug|Any CPU.Build.0 = Debug|Any CPU
		{EBA009A3-27AB-41EA-BDFB-660035292EBC}.Release|Any CPU.ActiveCfg = Release|Any CPU
		{EBA009A3-27AB-41EA-BDFB-660035292EBC}.Release|Any CPU.Build.0 = Release|Any CPU
		{D296BD27-5828-43EF-A767-8B46E958393D}.Debug|Any CPU.ActiveCfg = Debug|Any CPU
		{D296BD27-5828-43EF-A767-8B46E958393D}.Debug|Any CPU.Build.0 = Debug|Any CPU
		{D296BD27-5828-43EF-A767-8B46E958393D}.Release|Any CPU.ActiveCfg = Release|Any CPU
		{D296BD27-5828-43EF-A767-8B46E958393D}.Release|Any CPU.Build.0 = Release|Any CPU
		{2060AAFC-F8BA-41D3-9E5C-5874B8017E7C}.Debug|Any CPU.ActiveCfg = Debug|Any CPU
		{2060AAFC-F8BA-41D3-9E5C-5874B8017E7C}.Debug|Any CPU.Build.0 = Debug|Any CPU
		{2060AAFC-F8BA-41D3-9E5C-5874B8017E7C}.Release|Any CPU.ActiveCfg = Release|Any CPU
		{2060AAFC-F8BA-41D3-9E5C-5874B8017E7C}.Release|Any CPU.Build.0 = Release|Any CPU
		{FD5E3C29-C420-4D81-A220-9757B647F031}.Debug|Any CPU.ActiveCfg = Debug|Any CPU
		{FD5E3C29-C420-4D81-A220-9757B647F031}.Debug|Any CPU.Build.0 = Debug|Any CPU
		{FD5E3C29-C420-4D81-A220-9757B647F031}.Release|Any CPU.ActiveCfg = Release|Any CPU
		{FD5E3C29-C420-4D81-A220-9757B647F031}.Release|Any CPU.Build.0 = Release|Any CPU
		{BD1318E8-17A2-4E9F-9544-C41D560B60E2}.Debug|Any CPU.ActiveCfg = Debug|Any CPU
		{BD1318E8-17A2-4E9F-9544-C41D560B60E2}.Debug|Any CPU.Build.0 = Debug|Any CPU
		{BD1318E8-17A2-4E9F-9544-C41D560B60E2}.Release|Any CPU.ActiveCfg = Release|Any CPU
		{BD1318E8-17A2-4E9F-9544-C41D560B60E2}.Release|Any CPU.Build.0 = Release|Any CPU
	EndGlobalSection
	GlobalSection(SolutionProperties) = preSolution
		HideSolutionNode = FALSE
	EndGlobalSection
	GlobalSection(ExtensibilityGlobals) = postSolution
		SolutionGuid = {BADAB54F-6D8B-4C75-940E-4D36076375A8}
	EndGlobalSection
EndGlobal
